
Microsoft Visual Studio Solution File, Format Version 12.00
# Visual Studio Version 17
VisualStudioVersion = 17.14.36408.4 d17.14
MinimumVisualStudioVersion = 10.0.40219.1
Project("{FAE04EC0-301F-11D3-BF4B-00C04F79EFBC}") = "ECS.Core", "ECS.Core.csproj", "{ED9D346F-4955-4968-A1C7-CA036BBFFFCC}"
EndProject
Global
	GlobalSection(SolutionConfigurationPlatforms) = preSolution
		Debug|Any CPU = Debug|Any CPU
		Release|Any CPU = Release|Any CPU
	EndGlobalSection
	GlobalSection(ProjectConfigurationPlatforms) = postSolution
		{ED9D346F-4955-4968-A1C7-CA036BBFFFCC}.Debug|Any CPU.ActiveCfg = Debug|Any CPU
		{ED9D346F-4955-4968-A1C7-CA036BBFFFCC}.Debug|Any CPU.Build.0 = Debug|Any CPU
		{ED9D346F-4955-4968-A1C7-CA036BBFFFCC}.Release|Any CPU.ActiveCfg = Release|Any CPU
		{ED9D346F-4955-4968-A1C7-CA036BBFFFCC}.Release|Any CPU.Build.0 = Release|Any CPU
	EndGlobalSection
	GlobalSection(SolutionProperties) = preSolution
		HideSolutionNode = FALSE
	EndGlobalSection
	GlobalSection(ExtensibilityGlobals) = postSolution
		SolutionGuid = {628FA9AD-ED39-4E4B-9AE3-D3B958BF327A}
	EndGlobalSection
EndGlobal
